
Microsoft Visual Studio Solution File, Format Version 12.00
# Visual Studio Version 17
VisualStudioVersion = 17.7.34221.43
MinimumVisualStudioVersion = 10.0.40219.1
Project("{8BC9CEB8-8B4A-11D0-8D11-00A0C91BC942}") = "RGR", "RGR.vcxproj", "{3F0F8E1E-4E29-4538-AD23-E0C1E90AB243}"
EndProject
Project("{888888A0-9F3D-457C-B088-3A5042F75D52}") = "RGR_graphs", "..\RGR_graphs\RGR_graphs.pyproj", "{DFC328CB-046C-45B4-AF51-A00EA5C42FCB}"
EndProject
Global
	GlobalSection(SolutionConfigurationPlatforms) = preSolution
		Debug|Any CPU = Debug|Any CPU
		Debug|x64 = Debug|x64
		Debug|x86 = Debug|x86
		Release|Any CPU = Release|Any CPU
		Release|x64 = Release|x64
		Release|x86 = Release|x86
	EndGlobalSection
	GlobalSection(ProjectConfigurationPlatforms) = postSolution
		{3F0F8E1E-4E29-4538-AD23-E0C1E90AB243}.Debug|Any CPU.ActiveCfg = Debug|x64
		{3F0F8E1E-4E29-4538-AD23-E0C1E90AB243}.Debug|Any CPU.Build.0 = Debug|x64
		{3F0F8E1E-4E29-4538-AD23-E0C1E90AB243}.Debug|x64.ActiveCfg = Debug|x64
		{3F0F8E1E-4E29-4538-AD23-E0C1E90AB243}.Debug|x64.Build.0 = Debug|x64
		{3F0F8E1E-4E29-4538-AD23-E0C1E90AB243}.Debug|x86.ActiveCfg = Debug|Win32
		{3F0F8E1E-4E29-4538-AD23-E0C1E90AB243}.Debug|x86.Build.0 = Debug|Win32
		{3F0F8E1E-4E29-4538-AD23-E0C1E90AB243}.Release|Any CPU.ActiveCfg = Release|x64
		{3F0F8E1E-4E29-4538-AD23-E0C1E90AB243}.Release|Any CPU.Build.0 = Release|x64
		{3F0F8E1E-4E29-4538-AD23-E0C1E90AB243}.Release|x64.ActiveCfg = Release|x64
		{3F0F8E1E-4E29-4538-AD23-E0C1E90AB243}.Release|x64.Build.0 = Release|x64
		{3F0F8E1E-4E29-4538-AD23-E0C1E90AB243}.Release|x86.ActiveCfg = Release|Win32
		{3F0F8E1E-4E29-4538-AD23-E0C1E90AB243}.Release|x86.Build.0 = Release|Win32
		{DFC328CB-046C-45B4-AF51-A00EA5C42FCB}.Debug|Any CPU.ActiveCfg = Debug|Any CPU
		{DFC328CB-046C-45B4-AF51-A00EA5C42FCB}.Debug|x64.ActiveCfg = Debug|Any CPU
		{DFC328CB-046C-45B4-AF51-A00EA5C42FCB}.Debug|x86.ActiveCfg = Debug|Any CPU
		{DFC328CB-046C-45B4-AF51-A00EA5C42FCB}.Release|Any CPU.ActiveCfg = Release|Any CPU
		{DFC328CB-046C-45B4-AF51-A00EA5C42FCB}.Release|x64.ActiveCfg = Release|Any CPU
		{DFC328CB-046C-45B4-AF51-A00EA5C42FCB}.Release|x86.ActiveCfg = Release|Any CPU
	EndGlobalSection
	GlobalSection(SolutionProperties) = preSolution
		HideSolutionNode = FALSE
	EndGlobalSection
	GlobalSection(ExtensibilityGlobals) = postSolution
		SolutionGuid = {2565633A-D5A0-42CA-B3E1-F5F04C0D0AFC}
	EndGlobalSection
EndGlobal
